
Microsoft Visual Studio Solution File, Format Version 12.00
# Visual Studio Version 17
VisualStudioVersion = 17.9.34622.214
MinimumVisualStudioVersion = 10.0.40219.1
Project("{9A19103F-16F7-4668-BE54-9A1E7A4F7556}") = "DotnetArcana.Logging.BasicLogging", "DotnetArcana.Logging.BasicLogging\DotnetArcana.Logging.BasicLogging.csproj", "{208A91E6-DE06-4E22-9628-A15759D11275}"
EndProject
Global
	GlobalSection(SolutionConfigurationPlatforms) = preSolution
		Debug|Any CPU = Debug|Any CPU
		Release|Any CPU = Release|Any CPU
	EndGlobalSection
	GlobalSection(ProjectConfigurationPlatforms) = postSolution
		{208A91E6-DE06-4E22-9628-A15759D11275}.Debug|Any CPU.ActiveCfg = Debug|Any CPU
		{208A91E6-DE06-4E22-9628-A15759D11275}.Debug|Any CPU.Build.0 = Debug|Any CPU
		{208A91E6-DE06-4E22-9628-A15759D11275}.Release|Any CPU.ActiveCfg = Release|Any CPU
		{208A91E6-DE06-4E22-9628-A15759D11275}.Release|Any CPU.Build.0 = Release|Any CPU
	EndGlobalSection
	GlobalSection(SolutionProperties) = preSolution
		HideSolutionNode = FALSE
	EndGlobalSection
	GlobalSection(ExtensibilityGlobals) = postSolution
		SolutionGuid = {55AC053D-2C70-4E76-8FB8-9DE9A43D50E6}
	EndGlobalSection
EndGlobal
