
Microsoft Visual Studio Solution File, Format Version 12.00
# Visual Studio Version 17
VisualStudioVersion = 17.9.34622.214
MinimumVisualStudioVersion = 10.0.40219.1
Project("{FAE04EC0-301F-11D3-BF4B-00C04F79EFBC}") = "AspNetArcana.OpenTelemetry.SimpleTracing", "AspNetArcana.OpenTelemetry.SimpleTracing.csproj", "{50DB10FF-33DB-4C36-8C49-C78D2B383551}"
EndProject
Global
	GlobalSection(SolutionConfigurationPlatforms) = preSolution
		Debug|Any CPU = Debug|Any CPU
		Release|Any CPU = Release|Any CPU
	EndGlobalSection
	GlobalSection(ProjectConfigurationPlatforms) = postSolution
		{50DB10FF-33DB-4C36-8C49-C78D2B383551}.Debug|Any CPU.ActiveCfg = Debug|Any CPU
		{50DB10FF-33DB-4C36-8C49-C78D2B383551}.Debug|Any CPU.Build.0 = Debug|Any CPU
		{50DB10FF-33DB-4C36-8C49-C78D2B383551}.Release|Any CPU.ActiveCfg = Release|Any CPU
		{50DB10FF-33DB-4C36-8C49-C78D2B383551}.Release|Any CPU.Build.0 = Release|Any CPU
	EndGlobalSection
	GlobalSection(SolutionProperties) = preSolution
		HideSolutionNode = FALSE
	EndGlobalSection
	GlobalSection(ExtensibilityGlobals) = postSolution
		SolutionGuid = {4A3C4368-8866-4A81-8BFE-F06C4656FB04}
	EndGlobalSection
EndGlobal
